// !$*UTF8*$!
{
	archiveVersion = 1;
	classes = {
	};
	objectVersion = 77;
	objects = {

/* Begin PBXContainerItemProxy section */
		5B6251262DF8E4CD00FCD6DD /* PBXContainerItemProxy */ = {
			isa = PBXContainerItemProxy;
			containerPortal = 5B62510D2DF8E4CB00FCD6DD /* Project object */;
			proxyType = 1;
			remoteGlobalIDString = 5B6251142DF8E4CB00FCD6DD;
			remoteInfo = calorieBro;
		};
		5B6251302DF8E4CD00FCD6DD /* PBXContainerItemProxy */ = {
			isa = PBXContainerItemProxy;
			containerPortal = 5B62510D2DF8E4CB00FCD6DD /* Project object */;
			proxyType = 1;
			remoteGlobalIDString = 5B6251142DF8E4CB00FCD6DD;
			remoteInfo = calorieBro;
		};
/* End PBXContainerItemProxy section */

/* Begin PBXFileReference section */
		5B6251152DF8E4CB00FCD6DD /* calorieBro.app */ = {isa = PBXFileReference; explicitFileType = wrapper.application; includeInIndex = 0; path = calorieBro.app; sourceTree = BUILT_PRODUCTS_DIR; };
		5B6251252DF8E4CD00FCD6DD /* calorieBroTests.xctest */ = {isa = PBXFileReference; explicitFileType = wrapper.cfbundle; includeInIndex = 0; path = calorieBroTests.xctest; sourceTree = BUILT_PRODUCTS_DIR; };
		5B62512F2DF8E4CD00FCD6DD /* calorieBroUITests.xctest */ = {isa = PBXFileReference; explicitFileType = wrapper.cfbundle; includeInIndex = 0; path = calorieBroUITests.xctest; sourceTree = BUILT_PRODUCTS_DIR; };
/* End PBXFileReference section */

/* Begin PBXFileSystemSynchronizedRootGroup section */
		5B6251172DF8E4CB00FCD6DD /* calorieBro */ = {
			isa = PBXFileSystemSynchronizedRootGroup;
			path = calorieBro;
			sourceTree = "<group>";
		};
		5B6251282DF8E4CD00FCD6DD /* calorieBroTests */ = {
			isa = PBXFileSystemSynchronizedRootGroup;
			path = calorieBroTests;
			sourceTree = "<group>";
		};
		5B6251322DF8E4CD00FCD6DD /* calorieBroUITests */ = {
			isa = PBXFileSystemSynchronizedRootGroup;
			path = calorieBroUITests;
			sourceTree = "<group>";
		};
/* End PBXFileSystemSynchronizedRootGroup section */

/* Begin PBXFrameworksBuildPhase section */
		5B6251122DF8E4CB00FCD6DD /* Frameworks */ = {
			isa = PBXFrameworksBuildPhase;
			buildActionMask = 2147483647;
			files = (
			);
			runOnlyForDeploymentPostprocessing = 0;
		};
		5B6251222DF8E4CD00FCD6DD /* Frameworks */ = {
			isa = PBXFrameworksBuildPhase;
			buildActionMask = 2147483647;
			files = (
			);
			runOnlyForDeploymentPostprocessing = 0;
		};
		5B62512C2DF8E4CD00FCD6DD /* Frameworks */ = {
			isa = PBXFrameworksBuildPhase;
			buildActionMask = 2147483647;
			files = (
			);
			runOnlyForDeploymentPostprocessing = 0;
		};
/* End PBXFrameworksBuildPhase section */

/* Begin PBXGroup section */
		5B62510C2DF8E4CB00FCD6DD = {
			isa = PBXGroup;
			children = (
				5B6251172DF8E4CB00FCD6DD /* calorieBro */,
				5B6251282DF8E4CD00FCD6DD /* calorieBroTests */,
				5B6251322DF8E4CD00FCD6DD /* calorieBroUITests */,
				5B6251162DF8E4CB00FCD6DD /* Products */,
			);
			sourceTree = "<group>";
		};
		5B6251162DF8E4CB00FCD6DD /* Products */ = {
			isa = PBXGroup;
			children = (
				5B6251152DF8E4CB00FCD6DD /* calorieBro.app */,
				5B6251252DF8E4CD00FCD6DD /* calorieBroTests.xctest */,
				5B62512F2DF8E4CD00FCD6DD /* calorieBroUITests.xctest */,
			);
			name = Products;
			sourceTree = "<group>";
		};
/* End PBXGroup section */

/* Begin PBXNativeTarget section */
		5B6251142DF8E4CB00FCD6DD /* calorieBro */ = {
			isa = PBXNativeTarget;
			buildConfigurationList = 5B6251392DF8E4CD00FCD6DD /* Build configuration list for PBXNativeTarget "calorieBro" */;
			buildPhases = (
				5B6251112DF8E4CB00FCD6DD /* Sources */,
				5B6251122DF8E4CB00FCD6DD /* Frameworks */,
				5B6251132DF8E4CB00FCD6DD /* Resources */,
			);
			buildRules = (
			);
			dependencies = (
			);
			fileSystemSynchronizedGroups = (
				5B6251172DF8E4CB00FCD6DD /* calorieBro */,
			);
			name = calorieBro;
			packageProductDependencies = (
			);
			productName = calorieBro;
			productReference = 5B6251152DF8E4CB00FCD6DD /* calorieBro.app */;
			productType = "com.apple.product-type.application";
		};
		5B6251242DF8E4CD00FCD6DD /* calorieBroTests */ = {
			isa = PBXNativeTarget;
			buildConfigurationList = 5B62513C2DF8E4CD00FCD6DD /* Build configuration list for PBXNativeTarget "calorieBroTests" */;
			buildPhases = (
				5B6251212DF8E4CD00FCD6DD /* Sources */,
				5B6251222DF8E4CD00FCD6DD /* Frameworks */,
				5B6251232DF8E4CD00FCD6DD /* Resources */,
			);
			buildRules = (
			);
			dependencies = (
				5B6251272DF8E4CD00FCD6DD /* PBXTargetDependency */,
			);
			fileSystemSynchronizedGroups = (
				5B6251282DF8E4CD00FCD6DD /* calorieBroTests */,
			);
			name = calorieBroTests;
			packageProductDependencies = (
			);
			productName = calorieBroTests;
			productReference = 5B6251252DF8E4CD00FCD6DD /* calorieBroTests.xctest */;
			productType = "com.apple.product-type.bundle.unit-test";
		};
		5B62512E2DF8E4CD00FCD6DD /* calorieBroUITests */ = {
			isa = PBXNativeTarget;
			buildConfigurationList = 5B62513F2DF8E4CD00FCD6DD /* Build configuration list for PBXNativeTarget "calorieBroUITests" */;
			buildPhases = (
				5B62512B2DF8E4CD00FCD6DD /* Sources */,
				5B62512C2DF8E4CD00FCD6DD /* Frameworks */,
				5B62512D2DF8E4CD00FCD6DD /* Resources */,
			);
			buildRules = (
			);
			dependencies = (
				5B6251312DF8E4CD00FCD6DD /* PBXTargetDependency */,
			);
			fileSystemSynchronizedGroups = (
				5B6251322DF8E4CD00FCD6DD /* calorieBroUITests */,
			);
			name = calorieBroUITests;
			packageProductDependencies = (
			);
			productName = calorieBroUITests;
			productReference = 5B62512F2DF8E4CD00FCD6DD /* calorieBroUITests.xctest */;
			productType = "com.apple.product-type.bundle.ui-testing";
		};
/* End PBXNativeTarget section */

/* Begin PBXProject section */
		5B62510D2DF8E4CB00FCD6DD /* Project object */ = {
			isa = PBXProject;
			attributes = {
				BuildIndependentTargetsInParallel = 1;
				LastSwiftUpdateCheck = 1600;
				LastUpgradeCheck = 1600;
				TargetAttributes = {
					5B6251142DF8E4CB00FCD6DD = {
						CreatedOnToolsVersion = 16.0;
					};
					5B6251242DF8E4CD00FCD6DD = {
						CreatedOnToolsVersion = 16.0;
						TestTargetID = 5B6251142DF8E4CB00FCD6DD;
					};
					5B62512E2DF8E4CD00FCD6DD = {
						CreatedOnToolsVersion = 16.0;
						TestTargetID = 5B6251142DF8E4CB00FCD6DD;
					};
				};
			};
			buildConfigurationList = 5B6251102DF8E4CB00FCD6DD /* Build configuration list for PBXProject "calorieBro" */;
			developmentRegion = en;
			hasScannedForEncodings = 0;
			knownRegions = (
				en,
				Base,
			);
			mainGroup = 5B62510C2DF8E4CB00FCD6DD;
			minimizedProjectReferenceProxies = 1;
			preferredProjectObjectVersion = 77;
			productRefGroup = 5B6251162DF8E4CB00FCD6DD /* Products */;
			projectDirPath = "";
			projectRoot = "";
			targets = (
				5B6251142DF8E4CB00FCD6DD /* calorieBro */,
				5B6251242DF8E4CD00FCD6DD /* calorieBroTests */,
				5B62512E2DF8E4CD00FCD6DD /* calorieBroUITests */,
			);
		};
/* End PBXProject section */

/* Begin PBXResourcesBuildPhase section */
		5B6251132DF8E4CB00FCD6DD /* Resources */ = {
			isa = PBXResourcesBuildPhase;
			buildActionMask = 2147483647;
			files = (
			);
			runOnlyForDeploymentPostprocessing = 0;
		};
		5B6251232DF8E4CD00FCD6DD /* Resources */ = {
			isa = PBXResourcesBuildPhase;
			buildActionMask = 2147483647;
			files = (
			);
			runOnlyForDeploymentPostprocessing = 0;
		};
		5B62512D2DF8E4CD00FCD6DD /* Resources */ = {
			isa = PBXResourcesBuildPhase;
			buildActionMask = 2147483647;
			files = (
			);
			runOnlyForDeploymentPostprocessing = 0;
		};
/* End PBXResourcesBuildPhase section */

/* Begin PBXSourcesBuildPhase section */
		5B6251112DF8E4CB00FCD6DD /* Sources */ = {
			isa = PBXSourcesBuildPhase;
			buildActionMask = 2147483647;
			files = (
			);
			runOnlyForDeploymentPostprocessing = 0;
		};
		5B6251212DF8E4CD00FCD6DD /* Sources */ = {
			isa = PBXSourcesBuildPhase;
			buildActionMask = 2147483647;
			files = (
			);
			runOnlyForDeploymentPostprocessing = 0;
		};
		5B62512B2DF8E4CD00FCD6DD /* Sources */ = {
			isa = PBXSourcesBuildPhase;
			buildActionMask = 2147483647;
			files = (
			);
			runOnlyForDeploymentPostprocessing = 0;
		};
/* End PBXSourcesBuildPhase section */

/* Begin PBXTargetDependency section */
		5B6251272DF8E4CD00FCD6DD /* PBXTargetDependency */ = {
			isa = PBXTargetDependency;
			target = 5B6251142DF8E4CB00FCD6DD /* calorieBro */;
			targetProxy = 5B6251262DF8E4CD00FCD6DD /* PBXContainerItemProxy */;
		};
		5B6251312DF8E4CD00FCD6DD /* PBXTargetDependency */ = {
			isa = PBXTargetDependency;
			target = 5B6251142DF8E4CB00FCD6DD /* calorieBro */;
			targetProxy = 5B6251302DF8E4CD00FCD6DD /* PBXContainerItemProxy */;
		};
/* End PBXTargetDependency section */

/* Begin XCBuildConfiguration section */
		5B6251372DF8E4CD00FCD6DD /* Debug */ = {
			isa = XCBuildConfiguration;
			buildSettings = {
				ALWAYS_SEARCH_USER_PATHS = NO;
				ASSETCATALOG_COMPILER_GENERATE_SWIFT_ASSET_SYMBOL_EXTENSIONS = YES;
				CLANG_ANALYZER_NONNULL = YES;
				CLANG_ANALYZER_NUMBER_OBJECT_CONVERSION = YES_AGGRESSIVE;
				CLANG_CXX_LANGUAGE_STANDARD = "gnu++20";
				CLANG_ENABLE_MODULES = YES;
				CLANG_ENABLE_OBJC_ARC = YES;
				CLANG_ENABLE_OBJC_WEAK = YES;
				CLANG_WARN_BLOCK_CAPTURE_AUTORELEASING = YES;
				CLANG_WARN_BOOL_CONVERSION = YES;
				CLANG_WARN_COMMA = YES;
				CLANG_WARN_CONSTANT_CONVERSION = YES;
				CLANG_WARN_DEPRECATED_OBJC_IMPLEMENTATIONS = YES;
				CLANG_WARN_DIRECT_OBJC_ISA_USAGE = YES_ERROR;
				CLANG_WARN_DOCUMENTATION_COMMENTS = YES;
				CLANG_WARN_EMPTY_BODY = YES;
				CLANG_WARN_ENUM_CONVERSION = YES;
				CLANG_WARN_INFINITE_RECURSION = YES;
				CLANG_WARN_INT_CONVERSION = YES;
				CLANG_WARN_NON_LITERAL_NULL_CONVERSION = YES;
				CLANG_WARN_OBJC_IMPLICIT_RETAIN_SELF = YES;
				CLANG_WARN_OBJC_LITERAL_CONVERSION = YES;
				CLANG_WARN_OBJC_ROOT_CLASS = YES_ERROR;
				CLANG_WARN_QUOTED_INCLUDE_IN_FRAMEWORK_HEADER = YES;
				CLANG_WARN_RANGE_LOOP_ANALYSIS = YES;
				CLANG_WARN_STRICT_PROTOTYPES = YES;
				CLANG_WARN_SUSPICIOUS_MOVE = YES;
				CLANG_WARN_UNGUARDED_AVAILABILITY = YES_AGGRESSIVE;
				CLANG_WARN_UNREACHABLE_CODE = YES;
				CLANG_WARN__DUPLICATE_METHOD_MATCH = YES;
				COPY_PHASE_STRIP = NO;
				DEBUG_INFORMATION_FORMAT = dwarf;
				ENABLE_STRICT_OBJC_MSGSEND = YES;
				ENABLE_TESTABILITY = YES;
				ENABLE_USER_SCRIPT_SANDBOXING = YES;
				GCC_C_LANGUAGE_STANDARD = gnu17;
				GCC_DYNAMIC_NO_PIC = NO;
				GCC_NO_COMMON_BLOCKS = YES;
				GCC_OPTIMIZATION_LEVEL = 0;
				GCC_PREPROCESSOR_DEFINITIONS = (
					"DEBUG=1",
					"$(inherited)",
				);
				GCC_WARN_64_TO_32_BIT_CONVERSION = YES;
				GCC_WARN_ABOUT_RETURN_TYPE = YES_ERROR;
				GCC_WARN_UNDECLARED_SELECTOR = YES;
				GCC_WARN_UNINITIALIZED_AUTOS = YES_AGGRESSIVE;
				GCC_WARN_UNUSED_FUNCTION = YES;
				GCC_WARN_UNUSED_VARIABLE = YES;
				IPHONEOS_DEPLOYMENT_TARGET = 18.0;
				LOCALIZATION_PREFERS_STRING_CATALOGS = YES;
				MTL_ENABLE_DEBUG_INFO = INCLUDE_SOURCE;
				MTL_FAST_MATH = YES;
				ONLY_ACTIVE_ARCH = YES;
				SDKROOT = iphoneos;
				SWIFT_ACTIVE_COMPILATION_CONDITIONS = "DEBUG $(inherited)";
				SWIFT_OPTIMIZATION_LEVEL = "-Onone";
			};
			name = Debug;
		};
		5B6251382DF8E4CD00FCD6DD /* Release */ = {
			isa = XCBuildConfiguration;
			buildSettings = {
				ALWAYS_SEARCH_USER_PATHS = NO;
				ASSETCATALOG_COMPILER_GENERATE_SWIFT_ASSET_SYMBOL_EXTENSIONS = YES;
				CLANG_ANALYZER_NONNULL = YES;
				CLANG_ANALYZER_NUMBER_OBJECT_CONVERSION = YES_AGGRESSIVE;
				CLANG_CXX_LANGUAGE_STANDARD = "gnu++20";
				CLANG_ENABLE_MODULES = YES;
				CLANG_ENABLE_OBJC_ARC = YES;
				CLANG_ENABLE_OBJC_WEAK = YES;
				CLANG_WARN_BLOCK_CAPTURE_AUTORELEASING = YES;
				CLANG_WARN_BOOL_CONVERSION = YES;
				CLANG_WARN_COMMA = YES;
				CLANG_WARN_CONSTANT_CONVERSION = YES;
				CLANG_WARN_DEPRECATED_OBJC_IMPLEMENTATIONS = YES;
				CLANG_WARN_DIRECT_OBJC_ISA_USAGE = YES_ERROR;
				CLANG_WARN_DOCUMENTATION_COMMENTS = YES;
				CLANG_WARN_EMPTY_BODY = YES;
				CLANG_WARN_ENUM_CONVERSION = YES;
				CLANG_WARN_INFINITE_RECURSION = YES;
				CLANG_WARN_INT_CONVERSION = YES;
				CLANG_WARN_NON_LITERAL_NULL_CONVERSION = YES;
				CLANG_WARN_OBJC_IMPLICIT_RETAIN_SELF = YES;
				CLANG_WARN_OBJC_LITERAL_CONVERSION = YES;
				CLANG_WARN_OBJC_ROOT_CLASS = YES_ERROR;
				CLANG_WARN_QUOTED_INCLUDE_IN_FRAMEWORK_HEADER = YES;
				CLANG_WARN_RANGE_LOOP_ANALYSIS = YES;
				CLANG_WARN_STRICT_PROTOTYPES = YES;
				CLANG_WARN_SUSPICIOUS_MOVE = YES;
				CLANG_WARN_UNGUARDED_AVAILABILITY = YES_AGGRESSIVE;
				CLANG_WARN_UNREACHABLE_CODE = YES;
				CLANG_WARN__DUPLICATE_METHOD_MATCH = YES;
				COPY_PHASE_STRIP = NO;
				DEBUG_INFORMATION_FORMAT = "dwarf-with-dsym";
				ENABLE_NS_ASSERTIONS = NO;
				ENABLE_STRICT_OBJC_MSGSEND = YES;
				ENABLE_USER_SCRIPT_SANDBOXING = YES;
				GCC_C_LANGUAGE_STANDARD = gnu17;
				GCC_NO_COMMON_BLOCKS = YES;
				GCC_WARN_64_TO_32_BIT_CONVERSION = YES;
				GCC_WARN_ABOUT_RETURN_TYPE = YES_ERROR;
				GCC_WARN_UNDECLARED_SELECTOR = YES;
				GCC_WARN_UNINITIALIZED_AUTOS = YES_AGGRESSIVE;
				GCC_WARN_UNUSED_FUNCTION = YES;
				GCC_WARN_UNUSED_VARIABLE = YES;
				IPHONEOS_DEPLOYMENT_TARGET = 18.0;
				LOCALIZATION_PREFERS_STRING_CATALOGS = YES;
				MTL_ENABLE_DEBUG_INFO = NO;
				MTL_FAST_MATH = YES;
				SDKROOT = iphoneos;
				SWIFT_COMPILATION_MODE = wholemodule;
				VALIDATE_PRODUCT = YES;
			};
			name = Release;
		};
		5B62513A2DF8E4CD00FCD6DD /* Debug */ = {
			isa = XCBuildConfiguration;
			buildSettings = {
				ASSETCATALOG_COMPILER_APPICON_NAME = AppIcon;
				ASSETCATALOG_COMPILER_GLOBAL_ACCENT_COLOR_NAME = AccentColor;
				CODE_SIGN_STYLE = Automatic;
				CURRENT_PROJECT_VERSION = 1;
				DEVELOPMENT_ASSET_PATHS = "\"calorieBro/Preview Content\"";
				ENABLE_PREVIEWS = YES;
				GENERATE_INFOPLIST_FILE = YES;
				INFOPLIST_KEY_UIApplicationSceneManifest_Generation = YES;
				INFOPLIST_KEY_UIApplicationSupportsIndirectInputEvents = YES;
				INFOPLIST_KEY_UILaunchScreen_Generation = YES;
				INFOPLIST_KEY_UISupportedInterfaceOrientations_iPad = "UIInterfaceOrientationPortrait UIInterfaceOrientationPortraitUpsideDown UIInterfaceOrientationLandscapeLeft UIInterfaceOrientationLandscapeRight";
				INFOPLIST_KEY_UISupportedInterfaceOrientations_iPhone = "UIInterfaceOrientationPortrait UIInterfaceOrientationLandscapeLeft UIInterfaceOrientationLandscapeRight";
				LD_RUNPATH_SEARCH_PATHS = (
					"$(inherited)",
					"@executable_path/Frameworks",
				);
				MARKETING_VERSION = 1.0;
				PRODUCT_BUNDLE_IDENTIFIER = tarushDev.calorieBro;
				PRODUCT_NAME = "$(TARGET_NAME)";
				SWIFT_EMIT_LOC_STRINGS = YES;
				SWIFT_VERSION = 5.0;
				TARGETED_DEVICE_FAMILY = "1,2";
			};
			name = Debug;
		};
		5B62513B2DF8E4CD00FCD6DD /* Release */ = {
			isa = XCBuildConfiguration;
			buildSettings = {
				ASSETCATALOG_COMPILER_APPICON_NAME = AppIcon;
				ASSETCATALOG_COMPILER_GLOBAL_ACCENT_COLOR_NAME = AccentColor;
				CODE_SIGN_STYLE = Automatic;
				CURRENT_PROJECT_VERSION = 1;
				DEVELOPMENT_ASSET_PATHS = "\"calorieBro/Preview Content\"";
				ENABLE_PREVIEWS = YES;
				GENERATE_INFOPLIST_FILE = YES;
				INFOPLIST_KEY_UIApplicationSceneManifest_Generation = YES;
				INFOPLIST_KEY_UIApplicationSupportsIndirectInputEvents = YES;
				INFOPLIST_KEY_UILaunchScreen_Generation = YES;
				INFOPLIST_KEY_UISupportedInterfaceOrientations_iPad = "UIInterfaceOrientationPortrait UIInterfaceOrientationPortraitUpsideDown UIInterfaceOrientationLandscapeLeft UIInterfaceOrientationLandscapeRight";
				INFOPLIST_KEY_UISupportedInterfaceOrientations_iPhone = "UIInterfaceOrientationPortrait UIInterfaceOrientationLandscapeLeft UIInterfaceOrientationLandscapeRight";
				LD_RUNPATH_SEARCH_PATHS = (
					"$(inherited)",
					"@executable_path/Frameworks",
				);
				MARKETING_VERSION = 1.0;
				PRODUCT_BUNDLE_IDENTIFIER = tarushDev.calorieBro;
				PRODUCT_NAME = "$(TARGET_NAME)";
				SWIFT_EMIT_LOC_STRINGS = YES;
				SWIFT_VERSION = 5.0;
				TARGETED_DEVICE_FAMILY = "1,2";
			};
			name = Release;
		};
		5B62513D2DF8E4CD00FCD6DD /* Debug */ = {
			isa = XCBuildConfiguration;
			buildSettings = {
				BUNDLE_LOADER = "$(TEST_HOST)";
				CODE_SIGN_STYLE = Automatic;
				CURRENT_PROJECT_VERSION = 1;
				GENERATE_INFOPLIST_FILE = YES;
				IPHONEOS_DEPLOYMENT_TARGET = 18.0;
				MARKETING_VERSION = 1.0;
				PRODUCT_BUNDLE_IDENTIFIER = tarushDev.calorieBroTests;
				PRODUCT_NAME = "$(TARGET_NAME)";
				SWIFT_EMIT_LOC_STRINGS = NO;
				SWIFT_VERSION = 5.0;
				TARGETED_DEVICE_FAMILY = "1,2";
				TEST_HOST = "$(BUILT_PRODUCTS_DIR)/calorieBro.app/$(BUNDLE_EXECUTABLE_FOLDER_PATH)/calorieBro";
			};
			name = Debug;
		};
		5B62513E2DF8E4CD00FCD6DD /* Release */ = {
			isa = XCBuildConfiguration;
			buildSettings = {
				BUNDLE_LOADER = "$(TEST_HOST)";
				CODE_SIGN_STYLE = Automatic;
				CURRENT_PROJECT_VERSION = 1;
				GENERATE_INFOPLIST_FILE = YES;
				IPHONEOS_DEPLOYMENT_TARGET = 18.0;
				MARKETING_VERSION = 1.0;
				PRODUCT_BUNDLE_IDENTIFIER = tarushDev.calorieBroTests;
				PRODUCT_NAME = "$(TARGET_NAME)";
				SWIFT_EMIT_LOC_STRINGS = NO;
				SWIFT_VERSION = 5.0;
				TARGETED_DEVICE_FAMILY = "1,2";
				TEST_HOST = "$(BUILT_PRODUCTS_DIR)/calorieBro.app/$(BUNDLE_EXECUTABLE_FOLDER_PATH)/calorieBro";
			};
			name = Release;
		};
		5B6251402DF8E4CD00FCD6DD /* Debug */ = {
			isa = XCBuildConfiguration;
			buildSettings = {
				CODE_SIGN_STYLE = Automatic;
				CURRENT_PROJECT_VERSION = 1;
				GENERATE_INFOPLIST_FILE = YES;
				MARKETING_VERSION = 1.0;
				PRODUCT_BUNDLE_IDENTIFIER = tarushDev.calorieBroUITests;
				PRODUCT_NAME = "$(TARGET_NAME)";
				SWIFT_EMIT_LOC_STRINGS = NO;
				SWIFT_VERSION = 5.0;
				TARGETED_DEVICE_FAMILY = "1,2";
				TEST_TARGET_NAME = calorieBro;
			};
			name = Debug;
		};
		5B6251412DF8E4CD00FCD6DD /* Release */ = {
			isa = XCBuildConfiguration;
			buildSettings = {
				CODE_SIGN_STYLE = Automatic;
				CURRENT_PROJECT_VERSION = 1;
				GENERATE_INFOPLIST_FILE = YES;
				MARKETING_VERSION = 1.0;
				PRODUCT_BUNDLE_IDENTIFIER = tarushDev.calorieBroUITests;
				PRODUCT_NAME = "$(TARGET_NAME)";
				SWIFT_EMIT_LOC_STRINGS = NO;
				SWIFT_VERSION = 5.0;
				TARGETED_DEVICE_FAMILY = "1,2";
				TEST_TARGET_NAME = calorieBro;
			};
			name = Release;
		};
/* End XCBuildConfiguration section */

/* Begin XCConfigurationList section */
		5B6251102DF8E4CB00FCD6DD /* Build configuration list for PBXProject "calorieBro" */ = {
			isa = XCConfigurationList;
			buildConfigurations = (
				5B6251372DF8E4CD00FCD6DD /* Debug */,
				5B6251382DF8E4CD00FCD6DD /* Release */,
			);
			defaultConfigurationIsVisible = 0;
			defaultConfigurationName = Release;
		};
		5B6251392DF8E4CD00FCD6DD /* Build configuration list for PBXNativeTarget "calorieBro" */ = {
			isa = XCConfigurationList;
			buildConfigurations = (
				5B62513A2DF8E4CD00FCD6DD /* Debug */,
				5B62513B2DF8E4CD00FCD6DD /* Release */,
			);
			defaultConfigurationIsVisible = 0;
			defaultConfigurationName = Release;
		};
		5B62513C2DF8E4CD00FCD6DD /* Build configuration list for PBXNativeTarget "calorieBroTests" */ = {
			isa = XCConfigurationList;
			buildConfigurations = (
				5B62513D2DF8E4CD00FCD6DD /* Debug */,
				5B62513E2DF8E4CD00FCD6DD /* Release */,
			);
			defaultConfigurationIsVisible = 0;
			defaultConfigurationName = Release;
		};
		5B62513F2DF8E4CD00FCD6DD /* Build configuration list for PBXNativeTarget "calorieBroUITests" */ = {
			isa = XCConfigurationList;
			buildConfigurations = (
				5B6251402DF8E4CD00FCD6DD /* Debug */,
				5B6251412DF8E4CD00FCD6DD /* Release */,
			);
			defaultConfigurationIsVisible = 0;
			defaultConfigurationName = Release;
		};
/* End XCConfigurationList section */
	};
	rootObject = 5B62510D2DF8E4CB00FCD6DD /* Project object */;
}
